
Microsoft Visual Studio Solution File, Format Version 12.00
# Visual Studio 15
VisualStudioVersion = 15.0.27428.2011
MinimumVisualStudioVersion = 10.0.40219.1
Project("{2150E333-8FDC-42A3-9474-1A3956D46DE8}") = "4. Data Layer", "4. Data Layer", "{B6AA0FD4-DE3E-4E3E-8489-ED93002824A3}"
EndProject
Project("{2150E333-8FDC-42A3-9474-1A3956D46DE8}") = "3. Bussines Layer", "3. Bussines Layer", "{2DBFA21E-3408-4798-9377-8F981976C736}"
EndProject
Project("{2150E333-8FDC-42A3-9474-1A3956D46DE8}") = "2. Service Layer", "2. Service Layer", "{0BF88008-86FA-4FD1-B508-7EA148055768}"
EndProject
Project("{2150E333-8FDC-42A3-9474-1A3956D46DE8}") = "1. Presentation Layer", "1. Presentation Layer", "{D0CB8A54-36C4-4792-AB41-03B9B6D756EB}"
EndProject
Project("{FAE04EC0-301F-11D3-BF4B-00C04F79EFBC}") = "DataObjects", "DataObjects\DataObjects.csproj", "{7D474B2D-BDA2-4E55-B7DB-7F62695F2BAD}"
EndProject
Global
	GlobalSection(SolutionConfigurationPlatforms) = preSolution
		Debug|Any CPU = Debug|Any CPU
		Release|Any CPU = Release|Any CPU
	EndGlobalSection
	GlobalSection(ProjectConfigurationPlatforms) = postSolution
		{7D474B2D-BDA2-4E55-B7DB-7F62695F2BAD}.Debug|Any CPU.ActiveCfg = Debug|Any CPU
		{7D474B2D-BDA2-4E55-B7DB-7F62695F2BAD}.Debug|Any CPU.Build.0 = Debug|Any CPU
		{7D474B2D-BDA2-4E55-B7DB-7F62695F2BAD}.Release|Any CPU.ActiveCfg = Release|Any CPU
		{7D474B2D-BDA2-4E55-B7DB-7F62695F2BAD}.Release|Any CPU.Build.0 = Release|Any CPU
	EndGlobalSection
	GlobalSection(SolutionProperties) = preSolution
		HideSolutionNode = FALSE
	EndGlobalSection
	GlobalSection(NestedProjects) = preSolution
		{7D474B2D-BDA2-4E55-B7DB-7F62695F2BAD} = {B6AA0FD4-DE3E-4E3E-8489-ED93002824A3}
	EndGlobalSection
	GlobalSection(ExtensibilityGlobals) = postSolution
		SolutionGuid = {B21049E2-AC7A-43DA-8A3E-55171F1A2EFF}
	EndGlobalSection
EndGlobal
